
Microsoft Visual Studio Solution File, Format Version 12.00
# Visual Studio 15
VisualStudioVersion = 15.0.26430.6
MinimumVisualStudioVersion = 10.0.40219.1
Project("{FAE04EC0-301F-11D3-BF4B-00C04F79EFBC}") = "WildFarm_3", "WildFarm_3.csproj", "{490E0580-56A4-4D0D-A92D-1ABE4950BD5A}"
EndProject
Global
	GlobalSection(SolutionConfigurationPlatforms) = preSolution
		Debug|Any CPU = Debug|Any CPU
		Release|Any CPU = Release|Any CPU
	EndGlobalSection
	GlobalSection(ProjectConfigurationPlatforms) = postSolution
		{490E0580-56A4-4D0D-A92D-1ABE4950BD5A}.Debug|Any CPU.ActiveCfg = Debug|Any CPU
		{490E0580-56A4-4D0D-A92D-1ABE4950BD5A}.Debug|Any CPU.Build.0 = Debug|Any CPU
		{490E0580-56A4-4D0D-A92D-1ABE4950BD5A}.Release|Any CPU.ActiveCfg = Release|Any CPU
		{490E0580-56A4-4D0D-A92D-1ABE4950BD5A}.Release|Any CPU.Build.0 = Release|Any CPU
	EndGlobalSection
	GlobalSection(SolutionProperties) = preSolution
		HideSolutionNode = FALSE
	EndGlobalSection
EndGlobal
